Microsoft Visual Studio Solution File, Format Version 12.00
# Visual Studio Version 16
VisualStudioVersion = 16.0.29411.108
MinimumVisualStudioVersion = 10.0.40219.1
Project("{9A19103F-16F7-4668-BE54-9A1E7A4F7556}") = "DBTogRPC.Client", "DBTogRPC.Client\DBTogRPC.Client.csproj", "{B754FB02-D501-4308-8B89-33AB7119C80D}"
EndProject
Project("{9A19103F-16F7-4668-BE54-9A1E7A4F7556}") = "DBTogRPC.Service", "DBTogRPC.Service\DBTogRPC.Service.csproj", "{A883C8AF-1799-4A5C-B0B7-1A0EF126ABA4}"
EndProject
Project("{9A19103F-16F7-4668-BE54-9A1E7A4F7556}") = "DBTogRPC", "DBTogRPC\DBTogRPC.csproj", "{130B24DB-C3B6-4689-BEBA-064AAE7A0AD3}"
EndProject
Project("{FAE04EC0-301F-11D3-BF4B-00C04F79EFBC}") = "DBTogRPC.XamarinForms.UWP", "DBTogRPC.XamarinForms\DBTogRPC.XamarinForms.UWP\DBTogRPC.XamarinForms.UWP.csproj", "{D04312AA-C380-45CE-A8B0-B3D78A80F1CD}"
EndProject
Project("{FAE04EC0-301F-11D3-BF4B-00C04F79EFBC}") = "DBTogRPC.XamarinForms.Android", "DBTogRPC.XamarinForms\DBTogRPC.XamarinForms.Android\DBTogRPC.XamarinForms.Android.csproj", "{334A73B2-4E5D-4CF9-8726-65A17486A414}"
EndProject
Project("{FAE04EC0-301F-11D3-BF4B-00C04F79EFBC}") = "DBTogRPC.XamarinForms.iOS", "DBTogRPC.XamarinForms\DBTogRPC.XamarinForms.iOS\DBTogRPC.XamarinForms.iOS.csproj", "{A4106AAF-7293-4DB4-B389-61C71CC09DF0}"
EndProject
Project("{FAE04EC0-301F-11D3-BF4B-00C04F79EFBC}") = "DBTogRPC.XamarinForms", "DBTogRPC.XamarinForms\DBTogRPC.XamarinForms\DBTogRPC.XamarinForms.csproj", "{E0EABF9A-F088-42A3-84A7-FDEA523576E0}"
EndProject
Global
	GlobalSection(SolutionConfigurationPlatforms) = preSolution
		Debug|Any CPU = Debug|Any CPU
		Debug|ARM = Debug|ARM
		Debug|iPhone = Debug|iPhone
		Debug|iPhoneSimulator = Debug|iPhoneSimulator
		Debug|x64 = Debug|x64
		Debug|x86 = Debug|x86
		Release|Any CPU = Release|Any CPU
		Release|ARM = Release|ARM
		Release|iPhone = Release|iPhone
		Release|iPhoneSimulator = Release|iPhoneSimulator
		Release|x64 = Release|x64
		Release|x86 = Release|x86
	EndGlobalSection
	GlobalSection(ProjectConfigurationPlatforms) = postSolution
		{B754FB02-D501-4308-8B89-33AB7119C80D}.Debug|Any CPU.ActiveCfg = Debug|Any CPU
		{B754FB02-D501-4308-8B89-33AB7119C80D}.Debug|Any CPU.Build.0 = Debug|Any CPU
		{B754FB02-D501-4308-8B89-33AB7119C80D}.Debug|ARM.ActiveCfg = Debug|Any CPU
		{B754FB02-D501-4308-8B89-33AB7119C80D}.Debug|ARM.Build.0 = Debug|Any CPU
		{B754FB02-D501-4308-8B89-33AB7119C80D}.Debug|iPhone.ActiveCfg = Debug|Any CPU
		{B754FB02-D501-4308-8B89-33AB7119C80D}.Debug|iPhone.Build.0 = Debug|Any CPU
		{B754FB02-D501-4308-8B89-33AB7119C80D}.Debug|iPhoneSimulator.ActiveCfg = Debug|Any CPU
		{B754FB02-D501-4308-8B89-33AB7119C80D}.Debug|iPhoneSimulator.Build.0 = Debug|Any CPU
		{B754FB02-D501-4308-8B89-33AB7119C80D}.Debug|x64.ActiveCfg = Debug|Any CPU
		{B754FB02-D501-4308-8B89-33AB7119C80D}.Debug|x64.Build.0 = Debug|Any CPU
		{B754FB02-D501-4308-8B89-33AB7119C80D}.Debug|x86.ActiveCfg = Debug|Any CPU
		{B754FB02-D501-4308-8B89-33AB7119C80D}.Debug|x86.Build.0 = Debug|Any CPU
		{B754FB02-D501-4308-8B89-33AB7119C80D}.Release|Any CPU.ActiveCfg = Release|Any CPU
		{B754FB02-D501-4308-8B89-33AB7119C80D}.Release|Any CPU.Build.0 = Release|Any CPU
		{B754FB02-D501-4308-8B89-33AB7119C80D}.Release|ARM.ActiveCfg = Release|Any CPU
		{B754FB02-D501-4308-8B89-33AB7119C80D}.Release|ARM.Build.0 = Release|Any CPU
		{B754FB02-D501-4308-8B89-33AB7119C80D}.Release|iPhone.ActiveCfg = Release|Any CPU
		{B754FB02-D501-4308-8B89-33AB7119C80D}.Release|iPhone.Build.0 = Release|Any CPU
		{B754FB02-D501-4308-8B89-33AB7119C80D}.Release|iPhoneSimulator.ActiveCfg = Release|Any CPU
		{B754FB02-D501-4308-8B89-33AB7119C80D}.Release|iPhoneSimulator.Build.0 = Release|Any CPU
		{B754FB02-D501-4308-8B89-33AB7119C80D}.Release|x64.ActiveCfg = Release|Any CPU
		{B754FB02-D501-4308-8B89-33AB7119C80D}.Release|x64.Build.0 = Release|Any CPU
		{B754FB02-D501-4308-8B89-33AB7119C80D}.Release|x86.ActiveCfg = Release|Any CPU
		{B754FB02-D501-4308-8B89-33AB7119C80D}.Release|x86.Build.0 = Release|Any CPU
		{A883C8AF-1799-4A5C-B0B7-1A0EF126ABA4}.Debug|Any CPU.ActiveCfg = Debug|Any CPU
		{A883C8AF-1799-4A5C-B0B7-1A0EF126ABA4}.Debug|Any CPU.Build.0 = Debug|Any CPU
		{A883C8AF-1799-4A5C-B0B7-1A0EF126ABA4}.Debug|ARM.ActiveCfg = Debug|Any CPU
		{A883C8AF-1799-4A5C-B0B7-1A0EF126ABA4}.Debug|ARM.Build.0 = Debug|Any CPU
		{A883C8AF-1799-4A5C-B0B7-1A0EF126ABA4}.Debug|iPhone.ActiveCfg = Debug|Any CPU
		{A883C8AF-1799-4A5C-B0B7-1A0EF126ABA4}.Debug|iPhone.Build.0 = Debug|Any CPU
		{A883C8AF-1799-4A5C-B0B7-1A0EF126ABA4}.Debug|iPhoneSimulator.ActiveCfg = Debug|Any CPU
		{A883C8AF-1799-4A5C-B0B7-1A0EF126ABA4}.Debug|iPhoneSimulator.Build.0 = Debug|Any CPU
		{A883C8AF-1799-4A5C-B0B7-1A0EF126ABA4}.Debug|x64.ActiveCfg = Debug|Any CPU
		{A883C8AF-1799-4A5C-B0B7-1A0EF126ABA4}.Debug|x64.Build.0 = Debug|Any CPU
		{A883C8AF-1799-4A5C-B0B7-1A0EF126ABA4}.Debug|x86.ActiveCfg = Debug|Any CPU
		{A883C8AF-1799-4A5C-B0B7-1A0EF126ABA4}.Debug|x86.Build.0 = Debug|Any CPU
		{A883C8AF-1799-4A5C-B0B7-1A0EF126ABA4}.Release|Any CPU.ActiveCfg = Release|Any CPU
		{A883C8AF-1799-4A5C-B0B7-1A0EF126ABA4}.Release|Any CPU.Build.0 = Release|Any CPU
		{A883C8AF-1799-4A5C-B0B7-1A0EF126ABA4}.Release|ARM.ActiveCfg = Release|Any CPU
		{A883C8AF-1799-4A5C-B0B7-1A0EF126ABA4}.Release|ARM.Build.0 = Release|Any CPU
		{A883C8AF-1799-4A5C-B0B7-1A0EF126ABA4}.Release|iPhone.ActiveCfg = Release|Any CPU
		{A883C8AF-1799-4A5C-B0B7-1A0EF126ABA4}.Release|iPhone.Build.0 = Release|Any CPU
		{A883C8AF-1799-4A5C-B0B7-1A0EF126ABA4}.Release|iPhoneSimulator.ActiveCfg = Release|Any CPU
		{A883C8AF-1799-4A5C-B0B7-1A0EF126ABA4}.Release|iPhoneSimulator.Build.0 = Release|Any CPU
		{A883C8AF-1799-4A5C-B0B7-1A0EF126ABA4}.Release|x64.ActiveCfg = Release|Any CPU
		{A883C8AF-1799-4A5C-B0B7-1A0EF126ABA4}.Release|x64.Build.0 = Release|Any CPU
		{A883C8AF-1799-4A5C-B0B7-1A0EF126ABA4}.Release|x86.ActiveCfg = Release|Any CPU
		{A883C8AF-1799-4A5C-B0B7-1A0EF126ABA4}.Release|x86.Build.0 = Release|Any CPU
		{130B24DB-C3B6-4689-BEBA-064AAE7A0AD3}.Debug|Any CPU.ActiveCfg = Debug|Any CPU
		{130B24DB-C3B6-4689-BEBA-064AAE7A0AD3}.Debug|Any CPU.Build.0 = Debug|Any CPU
		{130B24DB-C3B6-4689-BEBA-064AAE7A0AD3}.Debug|ARM.ActiveCfg = Debug|Any CPU
		{130B24DB-C3B6-4689-BEBA-064AAE7A0AD3}.Debug|ARM.Build.0 = Debug|Any CPU
		{130B24DB-C3B6-4689-BEBA-064AAE7A0AD3}.Debug|iPhone.ActiveCfg = Debug|Any CPU
		{130B24DB-C3B6-4689-BEBA-064AAE7A0AD3}.Debug|iPhone.Build.0 = Debug|Any CPU
		{130B24DB-C3B6-4689-BEBA-064AAE7A0AD3}.Debug|iPhoneSimulator.ActiveCfg = Debug|Any CPU
		{130B24DB-C3B6-4689-BEBA-064AAE7A0AD3}.Debug|iPhoneSimulator.Build.0 = Debug|Any CPU
		{130B24DB-C3B6-4689-BEBA-064AAE7A0AD3}.Debug|x64.ActiveCfg = Debug|Any CPU
		{130B24DB-C3B6-4689-BEBA-064AAE7A0AD3}.Debug|x64.Build.0 = Debug|Any CPU
		{130B24DB-C3B6-4689-BEBA-064AAE7A0AD3}.Debug|x86.ActiveCfg = Debug|Any CPU
		{130B24DB-C3B6-4689-BEBA-064AAE7A0AD3}.Debug|x86.Build.0 = Debug|Any CPU
		{130B24DB-C3B6-4689-BEBA-064AAE7A0AD3}.Release|Any CPU.ActiveCfg = Release|Any CPU
		{130B24DB-C3B6-4689-BEBA-064AAE7A0AD3}.Release|Any CPU.Build.0 = Release|Any CPU
		{130B24DB-C3B6-4689-BEBA-064AAE7A0AD3}.Release|ARM.ActiveCfg = Release|Any CPU
		{130B24DB-C3B6-4689-BEBA-064AAE7A0AD3}.Release|ARM.Build.0 = Release|Any CPU
		{130B24DB-C3B6-4689-BEBA-064AAE7A0AD3}.Release|iPhone.ActiveCfg = Release|Any CPU
		{130B24DB-C3B6-4689-BEBA-064AAE7A0AD3}.Release|iPhone.Build.0 = Release|Any CPU
		{130B24DB-C3B6-4689-BEBA-064AAE7A0AD3}.Release|iPhoneSimulator.ActiveCfg = Release|Any CPU
		{130B24DB-C3B6-4689-BEBA-064AAE7A0AD3}.Release|iPhoneSimulator.Build.0 = Release|Any CPU
		{130B24DB-C3B6-4689-BEBA-064AAE7A0AD3}.Release|x64.ActiveCfg = Release|Any CPU
		{130B24DB-C3B6-4689-BEBA-064AAE7A0AD3}.Release|x64.Build.0 = Release|Any CPU
		{130B24DB-C3B6-4689-BEBA-064AAE7A0AD3}.Release|x86.ActiveCfg = Release|Any CPU
		{130B24DB-C3B6-4689-BEBA-064AAE7A0AD3}.Release|x86.Build.0 = Release|Any CPU
		{D04312AA-C380-45CE-A8B0-B3D78A80F1CD}.Debug|Any CPU.ActiveCfg = Debug|x86
		{D04312AA-C380-45CE-A8B0-B3D78A80F1CD}.Debug|ARM.ActiveCfg = Debug|ARM
		{D04312AA-C380-45CE-A8B0-B3D78A80F1CD}.Debug|ARM.Build.0 = Debug|ARM
		{D04312AA-C380-45CE-A8B0-B3D78A80F1CD}.Debug|ARM.Deploy.0 = Debug|ARM
		{D04312AA-C380-45CE-A8B0-B3D78A80F1CD}.Debug|iPhone.ActiveCfg = Debug|x86
		{D04312AA-C380-45CE-A8B0-B3D78A80F1CD}.Debug|iPhoneSimulator.ActiveCfg = Debug|x86
		{D04312AA-C380-45CE-A8B0-B3D78A80F1CD}.Debug|x64.ActiveCfg = Debug|x64
		{D04312AA-C380-45CE-A8B0-B3D78A80F1CD}.Debug|x64.Build.0 = Debug|x64
		{D04312AA-C380-45CE-A8B0-B3D78A80F1CD}.Debug|x64.Deploy.0 = Debug|x64
		{D04312AA-C380-45CE-A8B0-B3D78A80F1CD}.Debug|x86.ActiveCfg = Debug|x86
		{D04312AA-C380-45CE-A8B0-B3D78A80F1CD}.Debug|x86.Build.0 = Debug|x86
		{D04312AA-C380-45CE-A8B0-B3D78A80F1CD}.Debug|x86.Deploy.0 = Debug|x86
		{D04312AA-C380-45CE-A8B0-B3D78A80F1CD}.Release|Any CPU.ActiveCfg = Release|x86
		{D04312AA-C380-45CE-A8B0-B3D78A80F1CD}.Release|ARM.ActiveCfg = Release|ARM
		{D04312AA-C380-45CE-A8B0-B3D78A80F1CD}.Release|ARM.Build.0 = Release|ARM
		{D04312AA-C380-45CE-A8B0-B3D78A80F1CD}.Release|ARM.Deploy.0 = Release|ARM
		{D04312AA-C380-45CE-A8B0-B3D78A80F1CD}.Release|iPhone.ActiveCfg = Release|x86
		{D04312AA-C380-45CE-A8B0-B3D78A80F1CD}.Release|iPhoneSimulator.ActiveCfg = Release|x86
		{D04312AA-C380-45CE-A8B0-B3D78A80F1CD}.Release|x64.ActiveCfg = Release|x64
		{D04312AA-C380-45CE-A8B0-B3D78A80F1CD}.Release|x64.Build.0 = Release|x64
		{D04312AA-C380-45CE-A8B0-B3D78A80F1CD}.Release|x64.Deploy.0 = Release|x64
		{D04312AA-C380-45CE-A8B0-B3D78A80F1CD}.Release|x86.ActiveCfg = Release|x86
		{D04312AA-C380-45CE-A8B0-B3D78A80F1CD}.Release|x86.Build.0 = Release|x86
		{D04312AA-C380-45CE-A8B0-B3D78A80F1CD}.Release|x86.Deploy.0 = Release|x86
		{334A73B2-4E5D-4CF9-8726-65A17486A414}.Debug|Any CPU.ActiveCfg = Debug|Any CPU
		{334A73B2-4E5D-4CF9-8726-65A17486A414}.Debug|Any CPU.Build.0 = Debug|Any CPU
		{334A73B2-4E5D-4CF9-8726-65A17486A414}.Debug|Any CPU.Deploy.0 = Debug|Any CPU
		{334A73B2-4E5D-4CF9-8726-65A17486A414}.Debug|ARM.ActiveCfg = Debug|Any CPU
		{334A73B2-4E5D-4CF9-8726-65A17486A414}.Debug|ARM.Build.0 = Debug|Any CPU
		{334A73B2-4E5D-4CF9-8726-65A17486A414}.Debug|ARM.Deploy.0 = Debug|Any CPU
		{334A73B2-4E5D-4CF9-8726-65A17486A414}.Debug|iPhone.ActiveCfg = Debug|Any CPU
		{334A73B2-4E5D-4CF9-8726-65A17486A414}.Debug|iPhone.Build.0 = Debug|Any CPU
		{334A73B2-4E5D-4CF9-8726-65A17486A414}.Debug|iPhone.Deploy.0 = Debug|Any CPU
		{334A73B2-4E5D-4CF9-8726-65A17486A414}.Debug|iPhoneSimulator.ActiveCfg = Debug|Any CPU
		{334A73B2-4E5D-4CF9-8726-65A17486A414}.Debug|iPhoneSimulator.Build.0 = Debug|Any CPU
		{334A73B2-4E5D-4CF9-8726-65A17486A414}.Debug|iPhoneSimulator.Deploy.0 = Debug|Any CPU
		{334A73B2-4E5D-4CF9-8726-65A17486A414}.Debug|x64.ActiveCfg = Debug|Any CPU
		{334A73B2-4E5D-4CF9-8726-65A17486A414}.Debug|x64.Build.0 = Debug|Any CPU
		{334A73B2-4E5D-4CF9-8726-65A17486A414}.Debug|x64.Deploy.0 = Debug|Any CPU
		{334A73B2-4E5D-4CF9-8726-65A17486A414}.Debug|x86.ActiveCfg = Debug|Any CPU
		{334A73B2-4E5D-4CF9-8726-65A17486A414}.Debug|x86.Build.0 = Debug|Any CPU
		{334A73B2-4E5D-4CF9-8726-65A17486A414}.Debug|x86.Deploy.0 = Debug|Any CPU
		{334A73B2-4E5D-4CF9-8726-65A17486A414}.Release|Any CPU.ActiveCfg = Release|Any CPU
		{334A73B2-4E5D-4CF9-8726-65A17486A414}.Release|Any CPU.Build.0 = Release|Any CPU
		{334A73B2-4E5D-4CF9-8726-65A17486A414}.Release|Any CPU.Deploy.0 = Release|Any CPU
		{334A73B2-4E5D-4CF9-8726-65A17486A414}.Release|ARM.ActiveCfg = Release|Any CPU
		{334A73B2-4E5D-4CF9-8726-65A17486A414}.Release|ARM.Build.0 = Release|Any CPU
		{334A73B2-4E5D-4CF9-8726-65A17486A414}.Release|ARM.Deploy.0 = Release|Any CPU
		{334A73B2-4E5D-4CF9-8726-65A17486A414}.Release|iPhone.ActiveCfg = Release|Any CPU
		{334A73B2-4E5D-4CF9-8726-65A17486A414}.Release|iPhone.Build.0 = Release|Any CPU
		{334A73B2-4E5D-4CF9-8726-65A17486A414}.Release|iPhone.Deploy.0 = Release|Any CPU
		{334A73B2-4E5D-4CF9-8726-65A17486A414}.Release|iPhoneSimulator.ActiveCfg = Release|Any CPU
		{334A73B2-4E5D-4CF9-8726-65A17486A414}.Release|iPhoneSimulator.Build.0 = Release|Any CPU
		{334A73B2-4E5D-4CF9-8726-65A17486A414}.Release|iPhoneSimulator.Deploy.0 = Release|Any CPU
		{334A73B2-4E5D-4CF9-8726-65A17486A414}.Release|x64.ActiveCfg = Release|Any CPU
		{334A73B2-4E5D-4CF9-8726-65A17486A414}.Release|x64.Build.0 = Release|Any CPU
		{334A73B2-4E5D-4CF9-8726-65A17486A414}.Release|x64.Deploy.0 = Release|Any CPU
		{334A73B2-4E5D-4CF9-8726-65A17486A414}.Release|x86.ActiveCfg = Release|Any CPU
		{334A73B2-4E5D-4CF9-8726-65A17486A414}.Release|x86.Build.0 = Release|Any CPU
		{334A73B2-4E5D-4CF9-8726-65A17486A414}.Release|x86.Deploy.0 = Release|Any CPU
		{A4106AAF-7293-4DB4-B389-61C71CC09DF0}.Debug|Any CPU.ActiveCfg = Debug|iPhone
		{A4106AAF-7293-4DB4-B389-61C71CC09DF0}.Debug|ARM.ActiveCfg = Debug|iPhone
		{A4106AAF-7293-4DB4-B389-61C71CC09DF0}.Debug|iPhone.ActiveCfg = Debug|iPhone
		{A4106AAF-7293-4DB4-B389-61C71CC09DF0}.Debug|iPhone.Build.0 = Debug|iPhone
		{A4106AAF-7293-4DB4-B389-61C71CC09DF0}.Debug|iPhoneSimulator.ActiveCfg = Debug|iPhoneSimulator
		{A4106AAF-7293-4DB4-B389-61C71CC09DF0}.Debug|iPhoneSimulator.Build.0 = Debug|iPhoneSimulator
		{A4106AAF-7293-4DB4-B389-61C71CC09DF0}.Debug|x64.ActiveCfg = Debug|iPhone
		{A4106AAF-7293-4DB4-B389-61C71CC09DF0}.Debug|x86.ActiveCfg = Debug|iPhone
		{A4106AAF-7293-4DB4-B389-61C71CC09DF0}.Release|Any CPU.ActiveCfg = Release|iPhone
		{A4106AAF-7293-4DB4-B389-61C71CC09DF0}.Release|ARM.ActiveCfg = Release|iPhone
		{A4106AAF-7293-4DB4-B389-61C71CC09DF0}.Release|iPhone.ActiveCfg = Release|iPhone
		{A4106AAF-7293-4DB4-B389-61C71CC09DF0}.Release|iPhone.Build.0 = Release|iPhone
		{A4106AAF-7293-4DB4-B389-61C71CC09DF0}.Release|iPhoneSimulator.ActiveCfg = Release|iPhoneSimulator
		{A4106AAF-7293-4DB4-B389-61C71CC09DF0}.Release|iPhoneSimulator.Build.0 = Release|iPhoneSimulator
		{A4106AAF-7293-4DB4-B389-61C71CC09DF0}.Release|x64.ActiveCfg = Release|iPhone
		{A4106AAF-7293-4DB4-B389-61C71CC09DF0}.Release|x86.ActiveCfg = Release|iPhone
		{E0EABF9A-F088-42A3-84A7-FDEA523576E0}.Debug|Any CPU.ActiveCfg = Debug|Any CPU
		{E0EABF9A-F088-42A3-84A7-FDEA523576E0}.Debug|Any CPU.Build.0 = Debug|Any CPU
		{E0EABF9A-F088-42A3-84A7-FDEA523576E0}.Debug|ARM.ActiveCfg = Debug|Any CPU
		{E0EABF9A-F088-42A3-84A7-FDEA523576E0}.Debug|ARM.Build.0 = Debug|Any CPU
		{E0EABF9A-F088-42A3-84A7-FDEA523576E0}.Debug|iPhone.ActiveCfg = Debug|Any CPU
		{E0EABF9A-F088-42A3-84A7-FDEA523576E0}.Debug|iPhone.Build.0 = Debug|Any CPU
		{E0EABF9A-F088-42A3-84A7-FDEA523576E0}.Debug|iPhoneSimulator.ActiveCfg = Debug|Any CPU
		{E0EABF9A-F088-42A3-84A7-FDEA523576E0}.Debug|iPhoneSimulator.Build.0 = Debug|Any CPU
		{E0EABF9A-F088-42A3-84A7-FDEA523576E0}.Debug|x64.ActiveCfg = Debug|Any CPU
		{E0EABF9A-F088-42A3-84A7-FDEA523576E0}.Debug|x64.Build.0 = Debug|Any CPU
		{E0EABF9A-F088-42A3-84A7-FDEA523576E0}.Debug|x86.ActiveCfg = Debug|Any CPU
		{E0EABF9A-F088-42A3-84A7-FDEA523576E0}.Debug|x86.Build.0 = Debug|Any CPU
		{E0EABF9A-F088-42A3-84A7-FDEA523576E0}.Release|Any CPU.ActiveCfg = Release|Any CPU
		{E0EABF9A-F088-42A3-84A7-FDEA523576E0}.Release|Any CPU.Build.0 = Release|Any CPU
		{E0EABF9A-F088-42A3-84A7-FDEA523576E0}.Release|ARM.ActiveCfg = Release|Any CPU
		{E0EABF9A-F088-42A3-84A7-FDEA523576E0}.Release|ARM.Build.0 = Release|Any CPU
		{E0EABF9A-F088-42A3-84A7-FDEA523576E0}.Release|iPhone.ActiveCfg = Release|Any CPU
		{E0EABF9A-F088-42A3-84A7-FDEA523576E0}.Release|iPhone.Build.0 = Release|Any CPU
		{E0EABF9A-F088-42A3-84A7-FDEA523576E0}.Release|iPhoneSimulator.ActiveCfg = Release|Any CPU
		{E0EABF9A-F088-42A3-84A7-FDEA523576E0}.Release|iPhoneSimulator.Build.0 = Release|Any CPU
		{E0EABF9A-F088-42A3-84A7-FDEA523576E0}.Release|x64.ActiveCfg = Release|Any CPU
		{E0EABF9A-F088-42A3-84A7-FDEA523576E0}.Release|x64.Build.0 = Release|Any CPU
		{E0EABF9A-F088-42A3-84A7-FDEA523576E0}.Release|x86.ActiveCfg = Release|Any CPU
		{E0EABF9A-F088-42A3-84A7-FDEA523576E0}.Release|x86.Build.0 = Release|Any CPU
	EndGlobalSection
	GlobalSection(SolutionProperties) = preSolution
		HideSolutionNode = FALSE
	EndGlobalSection
	GlobalSection(ExtensibilityGlobals) = postSolution
		SolutionGuid = {5D79A3AB-658B-48F5-86D2-A78098927418}
	EndGlobalSection
EndGlobal
